
Microsoft Visual Studio Solution File, Format Version 12.00
# Visual Studio Version 17
VisualStudioVersion = 17.0.32014.148
MinimumVisualStudioVersion = 10.0.40219.1
Project("{FAE04EC0-301F-11D3-BF4B-00C04F79EFBC}") = "ProcessMakerWebAPI", "..\ProcessMakerWebAPI\ProcessMakerWebAPI.csproj", "{69442CC1-9065-4CB1-AA9F-552FD3B563A8}"
EndProject
Project("{FAE04EC0-301F-11D3-BF4B-00C04F79EFBC}") = "ProcessMaker_Data", "..\ProcessMaker_Data\ProcessMaker_Data.csproj", "{470EF363-EF5A-4DDB-9FD5-7C51CF0BFD5C}"
EndProject
Project("{FAE04EC0-301F-11D3-BF4B-00C04F79EFBC}") = "Entity", "..\Entity\Entity.csproj", "{4C6C677C-71A6-4770-9181-C0650D3208D0}"
EndProject
Project("{FAE04EC0-301F-11D3-BF4B-00C04F79EFBC}") = "Core", "..\Core\Core.csproj", "{B4AE11DF-D8CD-44B6-87F9-CB5C3643079B}"
EndProject
Global
	GlobalSection(SolutionConfigurationPlatforms) = preSolution
		Debug|Any CPU = Debug|Any CPU
		Release|Any CPU = Release|Any CPU
	EndGlobalSection
	GlobalSection(ProjectConfigurationPlatforms) = postSolution
		{69442CC1-9065-4CB1-AA9F-552FD3B563A8}.Debug|Any CPU.ActiveCfg = Debug|Any CPU
		{69442CC1-9065-4CB1-AA9F-552FD3B563A8}.Debug|Any CPU.Build.0 = Debug|Any CPU
		{69442CC1-9065-4CB1-AA9F-552FD3B563A8}.Release|Any CPU.ActiveCfg = Release|Any CPU
		{69442CC1-9065-4CB1-AA9F-552FD3B563A8}.Release|Any CPU.Build.0 = Release|Any CPU
		{470EF363-EF5A-4DDB-9FD5-7C51CF0BFD5C}.Debug|Any CPU.ActiveCfg = Debug|Any CPU
		{470EF363-EF5A-4DDB-9FD5-7C51CF0BFD5C}.Debug|Any CPU.Build.0 = Debug|Any CPU
		{470EF363-EF5A-4DDB-9FD5-7C51CF0BFD5C}.Release|Any CPU.ActiveCfg = Release|Any CPU
		{470EF363-EF5A-4DDB-9FD5-7C51CF0BFD5C}.Release|Any CPU.Build.0 = Release|Any CPU
		{4C6C677C-71A6-4770-9181-C0650D3208D0}.Debug|Any CPU.ActiveCfg = Debug|Any CPU
		{4C6C677C-71A6-4770-9181-C0650D3208D0}.Debug|Any CPU.Build.0 = Debug|Any CPU
		{4C6C677C-71A6-4770-9181-C0650D3208D0}.Release|Any CPU.ActiveCfg = Release|Any CPU
		{4C6C677C-71A6-4770-9181-C0650D3208D0}.Release|Any CPU.Build.0 = Release|Any CPU
		{B4AE11DF-D8CD-44B6-87F9-CB5C3643079B}.Debug|Any CPU.ActiveCfg = Debug|Any CPU
		{B4AE11DF-D8CD-44B6-87F9-CB5C3643079B}.Debug|Any CPU.Build.0 = Debug|Any CPU
		{B4AE11DF-D8CD-44B6-87F9-CB5C3643079B}.Release|Any CPU.ActiveCfg = Release|Any CPU
		{B4AE11DF-D8CD-44B6-87F9-CB5C3643079B}.Release|Any CPU.Build.0 = Release|Any CPU
	EndGlobalSection
	GlobalSection(SolutionProperties) = preSolution
		HideSolutionNode = FALSE
	EndGlobalSection
	GlobalSection(ExtensibilityGlobals) = postSolution
		SolutionGuid = {64952F57-4090-429C-9CD9-E26BA51F5508}
	EndGlobalSection
EndGlobal
